
Microsoft Visual Studio Solution File, Format Version 12.00
# Visual Studio Version 16
VisualStudioVersion = 16.0.32510.428
MinimumVisualStudioVersion = 10.0.40219.1
Project("{9A19103F-16F7-4668-BE54-9A1E7A4F7556}") = "AspCoreApiDapperProject", "AspCoreApiDapperProject\AspCoreApiDapperProject.csproj", "{70893B74-AA0A-4550-BA3D-90136838A190}"
EndProject
Project("{2150E333-8FDC-42A3-9474-1A3956D46DE8}") = "Test", "Test", "{9F6FF4EE-6E51-4957-B1AC-F2FA66811F98}"
EndProject
Project("{FAE04EC0-301F-11D3-BF4B-00C04F79EFBC}") = "XUnitTesForPOC", "XUnitTesForPOC\XUnitTesForPOC.csproj", "{69FCC9CD-BB83-46CC-AED9-C4F6064FDDC6}"
EndProject
Global
	GlobalSection(SolutionConfigurationPlatforms) = preSolution
		Debug|Any CPU = Debug|Any CPU
		Release|Any CPU = Release|Any CPU
	EndGlobalSection
	GlobalSection(ProjectConfigurationPlatforms) = postSolution
		{70893B74-AA0A-4550-BA3D-90136838A190}.Debug|Any CPU.ActiveCfg = Debug|Any CPU
		{70893B74-AA0A-4550-BA3D-90136838A190}.Debug|Any CPU.Build.0 = Debug|Any CPU
		{70893B74-AA0A-4550-BA3D-90136838A190}.Release|Any CPU.ActiveCfg = Release|Any CPU
		{70893B74-AA0A-4550-BA3D-90136838A190}.Release|Any CPU.Build.0 = Release|Any CPU
		{69FCC9CD-BB83-46CC-AED9-C4F6064FDDC6}.Debug|Any CPU.ActiveCfg = Debug|Any CPU
		{69FCC9CD-BB83-46CC-AED9-C4F6064FDDC6}.Debug|Any CPU.Build.0 = Debug|Any CPU
		{69FCC9CD-BB83-46CC-AED9-C4F6064FDDC6}.Release|Any CPU.ActiveCfg = Release|Any CPU
		{69FCC9CD-BB83-46CC-AED9-C4F6064FDDC6}.Release|Any CPU.Build.0 = Release|Any CPU
	EndGlobalSection
	GlobalSection(SolutionProperties) = preSolution
		HideSolutionNode = FALSE
	EndGlobalSection
	GlobalSection(NestedProjects) = preSolution
		{69FCC9CD-BB83-46CC-AED9-C4F6064FDDC6} = {9F6FF4EE-6E51-4957-B1AC-F2FA66811F98}
	EndGlobalSection
	GlobalSection(ExtensibilityGlobals) = postSolution
		SolutionGuid = {AA486430-DA0C-4CE2-8C84-D3534457C4EF}
	EndGlobalSection
EndGlobal
